dependencies:
- name: forklift
  repository: https://Datastillery.github.io/charts
  version: 3.1.1
- name: odo
  repository: https://Datastillery.github.io/charts
  version: 1.0.0
- name: reaper
  repository: https://Datastillery.github.io/charts
  version: 1.0.0
- name: valkyrie
  repository: https://Datastillery.github.io/charts
  version: 2.6.1
- name: andi
  repository: https://Datastillery.github.io/charts
  version: 2.0.2
- name: external-services
  repository: https://Datastillery.github.io/charts
  version: 1.0.0
- name: kafka
  repository: https://Datastillery.github.io/charts
  version: 1.0.1
- name: kubernetes-data-platform
  repository: https://Datastillery.github.io/charts
  version: 1.6.0
- name: discovery-api
  repository: https://Datastillery.github.io/charts
  version: 1.0.0
- name: discovery-ui
  repository: https://Datastillery.github.io/charts
  version: 1.0.0
- name: discovery-streams
  repository: https://Datastillery.github.io/charts
  version: 1.0.0
- name: vault
  repository: https://Datastillery.github.io/charts
  version: 1.1.3
digest: sha256:8d2785197e5db209845d481308383df6c70d6fd042f3b106c74b7155492690c1
generated: "2021-07-19T15:20:14.298532-05:00"
